
Microsoft Visual Studio Solution File, Format Version 12.00
# Visual Studio Version 17
VisualStudioVersion = 17.5.33627.172
MinimumVisualStudioVersion = 10.0.40219.1
Project("{9A19103F-16F7-4668-BE54-9A1E7A4F7556}") = "ApiGateway", "ApiGateway\ApiGateway.csproj", "{AE1FDA04-6F41-4E69-A706-4BC564CB145F}"
EndProject
Project("{9A19103F-16F7-4668-BE54-9A1E7A4F7556}") = "UserApi", "UserApi\UserApi.csproj", "{034F9D86-52BF-4D39-8E51-57DC17FF37DE}"
EndProject
Project("{FAE04EC0-301F-11D3-BF4B-00C04F79EFBC}") = "JwtAuthenticationManager", "JwtAuthenticationManager\JwtAuthenticationManager.csproj", "{4F863607-66D0-4B6D-9084-7F3F7B2B78F4}"
EndProject
Project("{FAE04EC0-301F-11D3-BF4B-00C04F79EFBC}") = "ProductApi", "ProductApi\ProductApi.csproj", "{4B5D39BE-5FF5-4FAA-B804-3934631913F0}"
EndProject
Global
	GlobalSection(SolutionConfigurationPlatforms) = preSolution
		Debug|Any CPU = Debug|Any CPU
		Release|Any CPU = Release|Any CPU
	EndGlobalSection
	GlobalSection(ProjectConfigurationPlatforms) = postSolution
		{AE1FDA04-6F41-4E69-A706-4BC564CB145F}.Debug|Any CPU.ActiveCfg = Debug|Any CPU
		{AE1FDA04-6F41-4E69-A706-4BC564CB145F}.Debug|Any CPU.Build.0 = Debug|Any CPU
		{AE1FDA04-6F41-4E69-A706-4BC564CB145F}.Release|Any CPU.ActiveCfg = Release|Any CPU
		{AE1FDA04-6F41-4E69-A706-4BC564CB145F}.Release|Any CPU.Build.0 = Release|Any CPU
		{034F9D86-52BF-4D39-8E51-57DC17FF37DE}.Debug|Any CPU.ActiveCfg = Debug|Any CPU
		{034F9D86-52BF-4D39-8E51-57DC17FF37DE}.Debug|Any CPU.Build.0 = Debug|Any CPU
		{034F9D86-52BF-4D39-8E51-57DC17FF37DE}.Release|Any CPU.ActiveCfg = Release|Any CPU
		{034F9D86-52BF-4D39-8E51-57DC17FF37DE}.Release|Any CPU.Build.0 = Release|Any CPU
		{4F863607-66D0-4B6D-9084-7F3F7B2B78F4}.Debug|Any CPU.ActiveCfg = Debug|Any CPU
		{4F863607-66D0-4B6D-9084-7F3F7B2B78F4}.Debug|Any CPU.Build.0 = Debug|Any CPU
		{4F863607-66D0-4B6D-9084-7F3F7B2B78F4}.Release|Any CPU.ActiveCfg = Release|Any CPU
		{4F863607-66D0-4B6D-9084-7F3F7B2B78F4}.Release|Any CPU.Build.0 = Release|Any CPU
		{4B5D39BE-5FF5-4FAA-B804-3934631913F0}.Debug|Any CPU.ActiveCfg = Debug|Any CPU
		{4B5D39BE-5FF5-4FAA-B804-3934631913F0}.Debug|Any CPU.Build.0 = Debug|Any CPU
		{4B5D39BE-5FF5-4FAA-B804-3934631913F0}.Release|Any CPU.ActiveCfg = Release|Any CPU
		{4B5D39BE-5FF5-4FAA-B804-3934631913F0}.Release|Any CPU.Build.0 = Release|Any CPU
	EndGlobalSection
	GlobalSection(SolutionProperties) = preSolution
		HideSolutionNode = FALSE
	EndGlobalSection
	GlobalSection(ExtensibilityGlobals) = postSolution
		SolutionGuid = {E6B5D544-5E41-4BBB-91C0-F46B9254B867}
	EndGlobalSection
EndGlobal
